
Microsoft Visual Studio Solution File, Format Version 12.00
# Visual Studio Version 17
VisualStudioVersion = 17.12.35527.113
MinimumVisualStudioVersion = 10.0.40219.1
Project("{FAE04EC0-301F-11D3-BF4B-00C04F79EFBC}") = "sample", "sample\sample.csproj", "{9168FEF1-9B9D-43D5-ABF5-AFF751F91374}"
EndProject
Project("{FAE04EC0-301F-11D3-BF4B-00C04F79EFBC}") = "Plugin.Toolkit.Image", "src\Plugin.Toolkit.Image.csproj", "{A50FA849-DB91-435C-9044-41D0B1C42727}"
EndProject
Global
	GlobalSection(SolutionConfigurationPlatforms) = preSolution
		Debug|Any CPU = Debug|Any CPU
		Release|Any CPU = Release|Any CPU
	EndGlobalSection
	GlobalSection(ProjectConfigurationPlatforms) = postSolution
		{9168FEF1-9B9D-43D5-ABF5-AFF751F91374}.Debug|Any CPU.ActiveCfg = Debug|Any CPU
		{9168FEF1-9B9D-43D5-ABF5-AFF751F91374}.Debug|Any CPU.Build.0 = Debug|Any CPU
		{9168FEF1-9B9D-43D5-ABF5-AFF751F91374}.Debug|Any CPU.Deploy.0 = Debug|Any CPU
		{9168FEF1-9B9D-43D5-ABF5-AFF751F91374}.Release|Any CPU.ActiveCfg = Release|Any CPU
		{9168FEF1-9B9D-43D5-ABF5-AFF751F91374}.Release|Any CPU.Build.0 = Release|Any CPU
		{9168FEF1-9B9D-43D5-ABF5-AFF751F91374}.Release|Any CPU.Deploy.0 = Release|Any CPU
		{A50FA849-DB91-435C-9044-41D0B1C42727}.Debug|Any CPU.ActiveCfg = Debug|Any CPU
		{A50FA849-DB91-435C-9044-41D0B1C42727}.Debug|Any CPU.Build.0 = Debug|Any CPU
		{A50FA849-DB91-435C-9044-41D0B1C42727}.Release|Any CPU.ActiveCfg = Release|Any CPU
		{A50FA849-DB91-435C-9044-41D0B1C42727}.Release|Any CPU.Build.0 = Release|Any CPU
	EndGlobalSection
	GlobalSection(SolutionProperties) = preSolution
		HideSolutionNode = FALSE
	EndGlobalSection
EndGlobal
